
Microsoft Visual Studio Solution File, Format Version 12.00
# Visual Studio Version 16
VisualStudioVersion = 16.0.31025.194
MinimumVisualStudioVersion = 10.0.40219.1
Project("{9A19103F-16F7-4668-BE54-9A1E7A4F7556}") = "ServeLog", "ServeLog\ServeLog.csproj", "{BF9D6A11-FC34-4330-B40B-7B8F6AEC97CF}"
EndProject
Project("{FAE04EC0-301F-11D3-BF4B-00C04F79EFBC}") = "UnitTest", "UnitTest\UnitTest.csproj", "{FE761C6E-025A-4140-8178-1E2E99AB9E54}"
EndProject
Project("{FAE04EC0-301F-11D3-BF4B-00C04F79EFBC}") = "TestIntegration", "TestIntegration\TestIntegration.csproj", "{29FC7034-123A-49A0-B164-CA68CA201616}"
EndProject
Global
	GlobalSection(SolutionConfigurationPlatforms) = preSolution
		Debug|Any CPU = Debug|Any CPU
		Release|Any CPU = Release|Any CPU
	EndGlobalSection
	GlobalSection(ProjectConfigurationPlatforms) = postSolution
		{BF9D6A11-FC34-4330-B40B-7B8F6AEC97CF}.Debug|Any CPU.ActiveCfg = Debug|Any CPU
		{BF9D6A11-FC34-4330-B40B-7B8F6AEC97CF}.Debug|Any CPU.Build.0 = Debug|Any CPU
		{BF9D6A11-FC34-4330-B40B-7B8F6AEC97CF}.Release|Any CPU.ActiveCfg = Release|Any CPU
		{BF9D6A11-FC34-4330-B40B-7B8F6AEC97CF}.Release|Any CPU.Build.0 = Release|Any CPU
		{FE761C6E-025A-4140-8178-1E2E99AB9E54}.Debug|Any CPU.ActiveCfg = Debug|Any CPU
		{FE761C6E-025A-4140-8178-1E2E99AB9E54}.Debug|Any CPU.Build.0 = Debug|Any CPU
		{FE761C6E-025A-4140-8178-1E2E99AB9E54}.Release|Any CPU.ActiveCfg = Release|Any CPU
		{FE761C6E-025A-4140-8178-1E2E99AB9E54}.Release|Any CPU.Build.0 = Release|Any CPU
		{29FC7034-123A-49A0-B164-CA68CA201616}.Debug|Any CPU.ActiveCfg = Debug|Any CPU
		{29FC7034-123A-49A0-B164-CA68CA201616}.Debug|Any CPU.Build.0 = Debug|Any CPU
		{29FC7034-123A-49A0-B164-CA68CA201616}.Release|Any CPU.ActiveCfg = Release|Any CPU
		{29FC7034-123A-49A0-B164-CA68CA201616}.Release|Any CPU.Build.0 = Release|Any CPU
	EndGlobalSection
	GlobalSection(SolutionProperties) = preSolution
		HideSolutionNode = FALSE
	EndGlobalSection
	GlobalSection(ExtensibilityGlobals) = postSolution
		SolutionGuid = {038791F7-ABF6-48C4-BC0B-D9729F968642}
	EndGlobalSection
EndGlobal
